{
  "OperationName": "Getting deployment status",
  "AcquiredDateTime": "2023-12-18T17:13:41.8200991Z",
  "StackTrace": "   at System.Environment.get_StackTrace()\n   at Kudu.Core.Infrastructure.WindowsLockFile.WriteLockInfo(String operationName, Stream lockStream) in /tmp/KuduLite/Kudu.Core/Infrastructure/WindowsLockFile.cs:line 208\n   at Kudu.Core.Infrastructure.WindowsLockFile.Lock(String operationName) in /tmp/KuduLite/Kudu.Core/Infrastructure/WindowsLockFile.cs:line 149\n   at Kudu.Core.Infrastructure.LockFile.Lock(String operationName) in /tmp/KuduLite/Kudu.Core/Infrastructure/LockFile.cs:line 40\n   at Kudu.Contracts.Infrastructure.LockExtensions.TryLockOperation(IOperationLock lockObj, Action operation, String operationName, TimeSpan timeout) in /tmp/KuduLite/Kudu.Contracts/Infrastructure/LockExtensions.cs:line 21\n   at Kudu.Contracts.Infrastructure.LockExtensions.LockOperation[T](IOperationLock lockObj, Func`1 operation, String operationName, TimeSpan timeout) in /tmp/KuduLite/Kudu.Contracts/Infrastructure/LockExtensions.cs:line 59\n   at Kudu.Core.Deployment.DeploymentStatusFile.Open(String id, IEnvironment environment, IAnalytics analytics, IOperationLock statusLock) in /tmp/KuduLite/Kudu.Core/Deployment/DeploymentStatusFile.cs:line 67\n   at Kudu.Core.Deployment.DeploymentStatusManager.Open(String id) in /tmp/KuduLite/Kudu.Core/Deployment/DeploymentStatusManager.cs:line 41\n   at Kudu.Core.Deployment.DeploymentManager.GetResult(String id, String activeDeploymentId, Boolean isDeploying) in /tmp/KuduLite/Kudu.Core/Deployment/DeploymentManager.cs:line 569\n   at Kudu.Core.Deployment.DeploymentManager.EnumerateResults()+MoveNext() in /tmp/KuduLite/Kudu.Core/Deployment/DeploymentManager.cs:line 953\n   at System.Collections.Generic.EnumerableHelpers.ToArray[T](IEnumerable`1 , Int32& )\n   at System.Linq.Buffer`1..ctor(IEnumerable`1 )\n   at System.Linq.OrderedEnumerable`1.ToList()\n   at System.Linq.Enumerable.ToList[TSource](IEnumerable`1 )\n   at Kudu.Core.Deployment.DeploymentManager.GetDeployments() in /tmp/KuduLite/Kudu.Core/Deployment/DeploymentManager.cs:line 405\n   at Kudu.Core.Deployment.DeploymentManager.GetResults() in /tmp/KuduLite/Kudu.Core/Deployment/DeploymentManager.cs:line 100\n   at Kudu.Services.Deployment.DeploymentController.GetResults(HttpRequest request)+MoveNext() in /tmp/KuduLite/Kudu.Services/Deployment/DeploymentController.cs:line 649\n   at System.Collections.Generic.List`1..ctor(IEnumerable`1 )\n   at System.Linq.Enumerable.ToList[TSource](IEnumerable`1 )\n   at Kudu.Services.Deployment.DeploymentController.GetDeployResults() in /tmp/KuduLite/Kudu.Services/Deployment/DeploymentController.cs:line 397\n   at lambda_method19(Closure , Object , Object[] )\n   at Microsoft.AspNetCore.Mvc.Infrastructure.ActionMethodExecutor.SyncActionResultExecutor.Execute(IActionResultTypeMapper mapper, ObjectMethodExecutor executor, Object controller, Object[] arguments)\n   at Microsoft.AspNetCore.Mvc.Infrastructure.ControllerActionInvoker.InvokeActionMethodAsync()\n   at Microsoft.AspNetCore.Mvc.Infrastructure.ControllerActionInvoker.Next(State& next, Scope& scope, Object& state, Boolean& isCompleted)\n   at Microsoft.AspNetCore.Mvc.Infrastructure.ControllerActionInvoker.InvokeNextActionFilterAsync()\n   at Microsoft.AspNetCore.Mvc.Infrastructure.ControllerActionInvoker.Next(State& next, Scope& scope, Object& state, Boolean& isCompleted)\n   at Microsoft.AspNetCore.Mvc.Infrastructure.ControllerActionInvoker.InvokeNextActionFilterAsync()\n   at Microsoft.AspNetCore.Mvc.Infrastructure.ControllerActionInvoker.InvokeNextActionFilterAwaitedAsync()\n   at Microsoft.AspNetCore.Mvc.Controller.OnActionExecutionAsync(ActionExecutingContext context, ActionExecutionDelegate next)\n   at Microsoft.AspNetCore.Mvc.Filters.ControllerActionFilter.OnActionExecutionAsync(ActionExecutingContext context, ActionExecutionDelegate next)\n   at Microsoft.AspNetCore.Mvc.Infrastructure.ControllerActionInvoker.Next(State& next, Scope& scope, Object& state, Boolean& isCompleted)\n   at Microsoft.AspNetCore.Mvc.Infrastructure.ControllerActionInvoker.InvokeInnerFilterAsync()\n   at Microsoft.AspNetCore.Mvc.Infrastructure.ResourceInvoker.Next(State& next, Scope& scope, Object& state, Boolean& isCompleted)\n   at Microsoft.AspNetCore.Mvc.Infrastructure.ResourceInvoker.InvokeNextResourceFilter()\n   at Microsoft.AspNetCore.Mvc.Infrastructure.ResourceInvoker.Next(State& next, Scope& scope, Object& state, Boolean& isCompleted)\n   at Microsoft.AspNetCore.Mvc.Infrastructure.ResourceInvoker.InvokeFilterPipelineAsync()\n   at Microsoft.AspNetCore.Mvc.Infrastructure.ResourceInvoker.InvokeAsync()\n   at Microsoft.AspNetCore.Mvc.Routing.MvcRouteHandler.<>c__DisplayClass6_0.<RouteAsync>b__0(HttpContext c)\n   at Microsoft.AspNetCore.Builder.RouterMiddleware.Invoke(HttpContext httpContext)\n   at System.Runtime.CompilerServices.AsyncMethodBuilderCore.Start[TStateMachine](TStateMachine& )\n   at Microsoft.AspNetCore.Builder.RouterMiddleware.Invoke(HttpContext httpContext)\n   at Microsoft.AspNetCore.Builder.Extensions.MapMiddleware.Invoke(HttpContext context)\n   at Microsoft.AspNetCore.Builder.Extensions.MapMiddleware.Invoke(HttpContext context)\n   at Microsoft.AspNetCore.Builder.Extensions.MapMiddleware.Invoke(HttpContext context)\n   at Microsoft.AspNetCore.Builder.Extensions.MapMiddleware.Invoke(HttpContext context)\n   at Microsoft.AspNetCore.StaticFiles.StaticFileMiddleware.Invoke(HttpContext context)\n   at Microsoft.AspNetCore.StaticFiles.DirectoryBrowserMiddleware.Invoke(HttpContext context)\n   at Microsoft.AspNetCore.StaticFiles.DefaultFilesMiddleware.Invoke(HttpContext context)\n   at Microsoft.AspNetCore.StaticFiles.StaticFileMiddleware.Invoke(HttpContext context)\n   at Microsoft.AspNetCore.StaticFiles.DirectoryBrowserMiddleware.Invoke(HttpContext context)\n   at Microsoft.AspNetCore.StaticFiles.DefaultFilesMiddleware.Invoke(HttpContext context)\n   at Microsoft.AspNetCore.Builder.Extensions.MapMiddleware.Invoke(HttpContext context)\n   at Microsoft.AspNetCore.Builder.Extensions.MapMiddleware.Invoke(HttpContext context)\n   at Microsoft.AspNetCore.Builder.Extensions.MapMiddleware.Invoke(HttpContext context)\n   at Microsoft.AspNetCore.Builder.Extensions.MapMiddleware.Invoke(HttpContext context)\n   at Microsoft.AspNetCore.Builder.Extensions.MapMiddleware.Invoke(HttpContext context)\n   at Microsoft.AspNetCore.Builder.Extensions.MapMiddleware.Invoke(HttpContext context)\n   at Microsoft.AspNetCore.Builder.Extensions.MapMiddleware.Invoke(HttpContext context)\n   at Microsoft.AspNetCore.Builder.Extensions.MapMiddleware.Invoke(HttpContext context)\n   at Microsoft.AspNetCore.Builder.Extensions.MapMiddleware.Invoke(HttpContext context)\n   at Microsoft.AspNetCore.Builder.Extensions.MapWhenMiddleware.Invoke(HttpContext context)\n   at Microsoft.AspNetCore.StaticFiles.StaticFileMiddleware.Invoke(HttpContext context)\n   at Kudu.Services.Web.Tracing.TraceMiddleware.Invoke(HttpContext context) in /tmp/KuduLite/Kudu.Services.Web/Tracing/TraceMiddleware.cs:line 95\n   at System.Runtime.CompilerServices.AsyncMethodBuilderCore.Start[TStateMachine](TStateMachine& )\n   at Kudu.Services.Web.Tracing.TraceMiddleware.Invoke(HttpContext context)\n   at Microsoft.AspNetCore.Builder.Extensions.MapWhenMiddleware.Invoke(HttpContext context)\n   at Microsoft.AspNetCore.ResponseCompression.ResponseCompressionMiddleware.InvokeCore(HttpContext context)\n   at System.Runtime.CompilerServices.AsyncMethodBuilderCore.Start[TStateMachine](TStateMachine& )\n   at Microsoft.AspNetCore.ResponseCompression.ResponseCompressionMiddleware.InvokeCore(HttpContext context)\n   at Microsoft.AspNetCore.ResponseCompression.ResponseCompressionMiddleware.Invoke(HttpContext context)\n   at Microsoft.AspNetCore.Builder.Extensions.MapWhenMiddleware.Invoke(HttpContext context)\n   at Microsoft.AspNetCore.Builder.Extensions.MapWhenMiddleware.Invoke(HttpContext context)\n   at Microsoft.AspNetCore.WebSockets.WebSocketMiddleware.Invoke(HttpContext context)\n   at Microsoft.AspNetCore.Diagnostics.ExceptionHandlerMiddleware.Invoke(HttpContext context)\n   at Microsoft.AspNetCore.HostFiltering.HostFilteringMiddleware.Invoke(HttpContext context)\n   at Microsoft.AspNetCore.Hosting.HostingApplication.ProcessRequestAsync(Context context)\n   at Microsoft.AspNetCore.Server.Kestrel.Core.Internal.Http.HttpProtocol.ProcessRequests[TContext](IHttpApplication`1 application)\n   at System.Runtime.CompilerServices.AsyncMethodBuilderCore.Start[TStateMachine](TStateMachine& )\n   at Microsoft.AspNetCore.Server.Kestrel.Core.Internal.Http.HttpProtocol.ProcessRequests[TContext](IHttpApplication`1 application)\n   at Microsoft.AspNetCore.Server.Kestrel.Core.Internal.Http.HttpProtocol.ProcessRequestsAsync[TContext](IHttpApplication`1 application)\n   at System.Runtime.CompilerServices.AsyncMethodBuilderCore.Start[TStateMachine](TStateMachine& )\n   at Microsoft.AspNetCore.Server.Kestrel.Core.Internal.Http.HttpProtocol.ProcessRequestsAsync[TContext](IHttpApplication`1 application)\n   at Microsoft.AspNetCore.Server.Kestrel.Core.Internal.HttpConnection.ProcessRequestsAsync[TContext](IHttpApplication`1 httpApplication)\n   at System.Runtime.CompilerServices.AsyncMethodBuilderCore.Start[TStateMachine](TStateMachine& )\n   at Microsoft.AspNetCore.Server.Kestrel.Core.Internal.HttpConnection.ProcessRequestsAsync[TContext](IHttpApplication`1 httpApplication)\n   at Microsoft.AspNetCore.Server.Kestrel.Core.Internal.HttpConnectionMiddleware`1.OnConnectionAsync(ConnectionContext connectionContext)\n   at Microsoft.AspNetCore.Server.Kestrel.Core.Internal.Infrastructure.TransportManager.<>c__DisplayClass9_0.<BindAsync>b__0(ConnectionContext c)\n   at Microsoft.AspNetCore.Server.Kestrel.Core.Internal.Infrastructure.KestrelConnection`1.ExecuteAsync()\n   at System.Runtime.CompilerServices.AsyncMethodBuilderCore.Start[TStateMachine](TStateMachine& )\n   at Microsoft.AspNetCore.Server.Kestrel.Core.Internal.Infrastructure.KestrelConnection`1.ExecuteAsync()\n   at Microsoft.AspNetCore.Server.Kestrel.Core.Internal.Infrastructure.KestrelConnection`1.System.Threading.IThreadPoolWorkItem.Execute()\n   at System.Threading.ThreadPoolWorkQueue.Dispatch()\n   at System.Threading.PortableThreadPool.WorkerThread.WorkerThreadStart()\n   at System.Threading.Thread.StartCallback()",
  "InstanceId": "84987d"
}